
Microsoft Visual Studio Solution File, Format Version 12.00
# Visual Studio Version 17
VisualStudioVersion = 17.9.34728.123
MinimumVisualStudioVersion = 10.0.40219.1
Project("{9A19103F-16F7-4668-BE54-9A1E7A4F7556}") = "BookStore.API", "BookStore.API\BookStore.API.csproj", "{2C7B10F3-DD21-4ABC-B37E-3E24C4D01960}"
EndProject
Project("{9A19103F-16F7-4668-BE54-9A1E7A4F7556}") = "BookStore.Core", "BookStore.Core\BookStore.Core.csproj", "{62FFDA03-D4FB-4140-9274-ED584FBFE805}"
EndProject
Project("{9A19103F-16F7-4668-BE54-9A1E7A4F7556}") = "BookStore.DataAccess", "BookStore.DataAccess\BookStore.DataAccess.csproj", "{39059357-80BF-412C-9F21-319FDE658F9A}"
EndProject
Project("{FAE04EC0-301F-11D3-BF4B-00C04F79EFBC}") = "BookStore.Application", "BookStore.Application\BookStore.Application.csproj", "{6567286D-F4A1-4388-8D5D-DD1B2641C0E7}"
EndProject
Global
	GlobalSection(SolutionConfigurationPlatforms) = preSolution
		Debug|Any CPU = Debug|Any CPU
		Release|Any CPU = Release|Any CPU
	EndGlobalSection
	GlobalSection(ProjectConfigurationPlatforms) = postSolution
		{2C7B10F3-DD21-4ABC-B37E-3E24C4D01960}.Debug|Any CPU.ActiveCfg = Debug|Any CPU
		{2C7B10F3-DD21-4ABC-B37E-3E24C4D01960}.Debug|Any CPU.Build.0 = Debug|Any CPU
		{2C7B10F3-DD21-4ABC-B37E-3E24C4D01960}.Release|Any CPU.ActiveCfg = Release|Any CPU
		{2C7B10F3-DD21-4ABC-B37E-3E24C4D01960}.Release|Any CPU.Build.0 = Release|Any CPU
		{62FFDA03-D4FB-4140-9274-ED584FBFE805}.Debug|Any CPU.ActiveCfg = Debug|Any CPU
		{62FFDA03-D4FB-4140-9274-ED584FBFE805}.Debug|Any CPU.Build.0 = Debug|Any CPU
		{62FFDA03-D4FB-4140-9274-ED584FBFE805}.Release|Any CPU.ActiveCfg = Release|Any CPU
		{62FFDA03-D4FB-4140-9274-ED584FBFE805}.Release|Any CPU.Build.0 = Release|Any CPU
		{39059357-80BF-412C-9F21-319FDE658F9A}.Debug|Any CPU.ActiveCfg = Debug|Any CPU
		{39059357-80BF-412C-9F21-319FDE658F9A}.Debug|Any CPU.Build.0 = Debug|Any CPU
		{39059357-80BF-412C-9F21-319FDE658F9A}.Release|Any CPU.ActiveCfg = Release|Any CPU
		{39059357-80BF-412C-9F21-319FDE658F9A}.Release|Any CPU.Build.0 = Release|Any CPU
		{6567286D-F4A1-4388-8D5D-DD1B2641C0E7}.Debug|Any CPU.ActiveCfg = Debug|Any CPU
		{6567286D-F4A1-4388-8D5D-DD1B2641C0E7}.Debug|Any CPU.Build.0 = Debug|Any CPU
		{6567286D-F4A1-4388-8D5D-DD1B2641C0E7}.Release|Any CPU.ActiveCfg = Release|Any CPU
		{6567286D-F4A1-4388-8D5D-DD1B2641C0E7}.Release|Any CPU.Build.0 = Release|Any CPU
	EndGlobalSection
	GlobalSection(SolutionProperties) = preSolution
		HideSolutionNode = FALSE
	EndGlobalSection
	GlobalSection(ExtensibilityGlobals) = postSolution
		SolutionGuid = {348F6E61-A629-40E2-B298-B73A80EF5082}
	EndGlobalSection
EndGlobal
